
Microsoft Visual Studio Solution File, Format Version 12.00
# Visual Studio Version 17
VisualStudioVersion = 17.10.35201.131
MinimumVisualStudioVersion = 10.0.40219.1
Project("{888888A0-9F3D-457C-B088-3A5042F75D52}") = "Python Training App 3", "Python Training App 3.pyproj", "{608A59C3-CB50-4280-893B-6EE978151869}"
EndProject
Global
	GlobalSection(SolutionConfigurationPlatforms) = preSolution
		Debug|Any CPU = Debug|Any CPU
		Release|Any CPU = Release|Any CPU
	EndGlobalSection
	GlobalSection(ProjectConfigurationPlatforms) = postSolution
		{608A59C3-CB50-4280-893B-6EE978151869}.Debug|Any CPU.ActiveCfg = Debug|Any CPU
		{608A59C3-CB50-4280-893B-6EE978151869}.Release|Any CPU.ActiveCfg = Release|Any CPU
	EndGlobalSection
	GlobalSection(SolutionProperties) = preSolution
		HideSolutionNode = FALSE
	EndGlobalSection
	GlobalSection(ExtensibilityGlobals) = postSolution
		SolutionGuid = {5B71960E-7AE1-4291-BA66-D68C11327F78}
	EndGlobalSection
EndGlobal
